
Microsoft Visual Studio Solution File, Format Version 12.00
# Visual Studio 15
VisualStudioVersion = 15.0.28010.2003
MinimumVisualStudioVersion = 10.0.40219.1
Project("{FAE04EC0-301F-11D3-BF4B-00C04F79EFBC}") = "HelpDeskAPI", "HelpDeskAPI\HelpDeskAPI.csproj", "{195D8C94-3536-4568-80D9-5C35A9164343}"
EndProject
Global
	GlobalSection(SolutionConfigurationPlatforms) = preSolution
		Debug|Any CPU = Debug|Any CPU
		Release|Any CPU = Release|Any CPU
	EndGlobalSection
	GlobalSection(ProjectConfigurationPlatforms) = postSolution
		{195D8C94-3536-4568-80D9-5C35A9164343}.Debug|Any CPU.ActiveCfg = Debug|Any CPU
		{195D8C94-3536-4568-80D9-5C35A9164343}.Debug|Any CPU.Build.0 = Debug|Any CPU
		{195D8C94-3536-4568-80D9-5C35A9164343}.Release|Any CPU.ActiveCfg = Release|Any CPU
		{195D8C94-3536-4568-80D9-5C35A9164343}.Release|Any CPU.Build.0 = Release|Any CPU
	EndGlobalSection
	GlobalSection(SolutionProperties) = preSolution
		HideSolutionNode = FALSE
	EndGlobalSection
	GlobalSection(ExtensibilityGlobals) = postSolution
		SolutionGuid = {697B5F56-B45C-49AE-ACE9-A8BA38FBD9B8}
	EndGlobalSection
EndGlobal
